
Microsoft Visual Studio Solution File, Format Version 12.00
# Visual Studio Version 16
VisualStudioVersion = 16.0.30503.244
MinimumVisualStudioVersion = 10.0.40219.1
Project("{FAE04EC0-301F-11D3-BF4B-00C04F79EFBC}") = "algorithm", "algorithm.csproj", "{9B2CE44E-9311-419F-A63A-51A1D22D0D04}"
EndProject
Global
	GlobalSection(SolutionConfigurationPlatforms) = preSolution
		Debug|Any CPU = Debug|Any CPU
		Release|Any CPU = Release|Any CPU
	EndGlobalSection
	GlobalSection(ProjectConfigurationPlatforms) = postSolution
		{9B2CE44E-9311-419F-A63A-51A1D22D0D04}.Debug|Any CPU.ActiveCfg = Debug|Any CPU
		{9B2CE44E-9311-419F-A63A-51A1D22D0D04}.Debug|Any CPU.Build.0 = Debug|Any CPU
		{9B2CE44E-9311-419F-A63A-51A1D22D0D04}.Release|Any CPU.ActiveCfg = Release|Any CPU
		{9B2CE44E-9311-419F-A63A-51A1D22D0D04}.Release|Any CPU.Build.0 = Release|Any CPU
	EndGlobalSection
	GlobalSection(SolutionProperties) = preSolution
		HideSolutionNode = FALSE
	EndGlobalSection
	GlobalSection(ExtensibilityGlobals) = postSolution
		SolutionGuid = {ABA937CA-B167-4667-B133-9DC5CD9E2CC1}
	EndGlobalSection
EndGlobal
